
Microsoft Visual Studio Solution File, Format Version 12.00
# Visual Studio Version 17
VisualStudioVersion = 17.11.35303.130
MinimumVisualStudioVersion = 10.0.40219.1
Project("{FAE04EC0-301F-11D3-BF4B-00C04F79EFBC}") = "PetitMoteur3D", "src\PetitMoteur3D\PetitMoteur3D.csproj", "{BADFCADA-D5C9-4EE1-AFEF-AD12876401B1}"
EndProject
Project("{FAE04EC0-301F-11D3-BF4B-00C04F79EFBC}") = "PetitMoteur3D.Editor", "src\PetitMoteur3D.Editor\PetitMoteur3D.Editor.csproj", "{C1463F90-E62C-46F9-9D78-3FED25E9B2B6}"
EndProject
Project("{FAE04EC0-301F-11D3-BF4B-00C04F79EFBC}") = "PetitMoteur3D.CLI", "src\PetitMoteur3D.CLI\PetitMoteur3D.CLI.csproj", "{B350D13E-5A93-448E-A0DA-F300BB39FF38}"
EndProject
Project("{FAE04EC0-301F-11D3-BF4B-00C04F79EFBC}") = "PetitMoteur3D.Application", "src\PetitMoteur3D.Application\PetitMoteur3D.Application.csproj", "{EB7E8191-FCF6-4E47-A0F3-88E24DC72928}"
EndProject
Project("{FAE04EC0-301F-11D3-BF4B-00C04F79EFBC}") = "PetitMoteur3D.Window.SilkNet", "src\PetitMoteur3D.Window.SilkNet\PetitMoteur3D.Window.SilkNet.csproj", "{77706747-B163-49FF-86C4-854377441B9F}"
EndProject
Project("{FAE04EC0-301F-11D3-BF4B-00C04F79EFBC}") = "PetitMoteur3D.Window", "src\PetitMoteur3D.Window\PetitMoteur3D.Window.csproj", "{2BB4B687-A602-4A53-8342-7D717B5F48D8}"
EndProject
Project("{FAE04EC0-301F-11D3-BF4B-00C04F79EFBC}") = "PetitMoteur3D.Window.WinUI", "src\PetitMoteur3D.Window.WinUI\PetitMoteur3D.Window.WinUI.csproj", "{9427A045-1276-4414-B74E-843FE4DDB6C7}"
EndProject
Project("{FAE04EC0-301F-11D3-BF4B-00C04F79EFBC}") = "PetitMoteur3D.Input", "src\PetitMoteur3D.Input\PetitMoteur3D.Input.csproj", "{2CD06051-F935-4AE0-B293-D9DC349D875C}"
EndProject
Project("{FAE04EC0-301F-11D3-BF4B-00C04F79EFBC}") = "PetitMoteur3D.Input.SilkNet", "src\PetitMoteur3D.Input.SilkNet\PetitMoteur3D.Input.SilkNet.csproj", "{51B487BA-CE53-4DD0-9333-47D85A0AA489}"
EndProject
Project("{FAE04EC0-301F-11D3-BF4B-00C04F79EFBC}") = "PetitMoteur3D.Application.ABI", "src\PetitMoteur3D.Application.ABI\PetitMoteur3D.Application.ABI.csproj", "{3DCAC0F9-4C2E-479E-A0EF-5AF5DF933CB9}"
EndProject
Project("{FAE04EC0-301F-11D3-BF4B-00C04F79EFBC}") = "PetitMoteur3D.Input.WinUI", "src\PetitMoteur3D.Input.WinUI\PetitMoteur3D.Input.WinUI.csproj", "{1C98FCE0-27AB-4938-BBDE-9D77CAC6EE88}"
EndProject
Project("{FAE04EC0-301F-11D3-BF4B-00C04F79EFBC}") = "PetitMoteur3D.Logging", "src\PetitMoteur3D.Logging\PetitMoteur3D.Logging.csproj", "{A092CC41-71EA-4030-8871-BAE32A583C0A}"
EndProject
Project("{FAE04EC0-301F-11D3-BF4B-00C04F79EFBC}") = "PetitMoteur3D.Core", "src\PetitMoteur3D.Core\PetitMoteur3D.Core.csproj", "{CFEC125E-6485-4494-88E1-9CD2D5320040}"
EndProject
Global
	GlobalSection(SolutionConfigurationPlatforms) = preSolution
		Debug|Any CPU = Debug|Any CPU
		Debug|x64 = Debug|x64
		Debug|x86 = Debug|x86
		Release|Any CPU = Release|Any CPU
		Release|x64 = Release|x64
		Release|x86 = Release|x86
	EndGlobalSection
	GlobalSection(ProjectConfigurationPlatforms) = postSolution
		{BADFCADA-D5C9-4EE1-AFEF-AD12876401B1}.Debug|Any CPU.ActiveCfg = Debug|Any CPU
		{BADFCADA-D5C9-4EE1-AFEF-AD12876401B1}.Debug|Any CPU.Build.0 = Debug|Any CPU
		{BADFCADA-D5C9-4EE1-AFEF-AD12876401B1}.Debug|x64.ActiveCfg = Debug|Any CPU
		{BADFCADA-D5C9-4EE1-AFEF-AD12876401B1}.Debug|x64.Build.0 = Debug|Any CPU
		{BADFCADA-D5C9-4EE1-AFEF-AD12876401B1}.Debug|x86.ActiveCfg = Debug|Any CPU
		{BADFCADA-D5C9-4EE1-AFEF-AD12876401B1}.Debug|x86.Build.0 = Debug|Any CPU
		{BADFCADA-D5C9-4EE1-AFEF-AD12876401B1}.Release|Any CPU.ActiveCfg = Release|Any CPU
		{BADFCADA-D5C9-4EE1-AFEF-AD12876401B1}.Release|Any CPU.Build.0 = Release|Any CPU
		{BADFCADA-D5C9-4EE1-AFEF-AD12876401B1}.Release|x64.ActiveCfg = Release|Any CPU
		{BADFCADA-D5C9-4EE1-AFEF-AD12876401B1}.Release|x64.Build.0 = Release|Any CPU
		{BADFCADA-D5C9-4EE1-AFEF-AD12876401B1}.Release|x86.ActiveCfg = Release|Any CPU
		{BADFCADA-D5C9-4EE1-AFEF-AD12876401B1}.Release|x86.Build.0 = Release|Any CPU
		{C1463F90-E62C-46F9-9D78-3FED25E9B2B6}.Debug|Any CPU.ActiveCfg = Debug|x64
		{C1463F90-E62C-46F9-9D78-3FED25E9B2B6}.Debug|Any CPU.Build.0 = Debug|x64
		{C1463F90-E62C-46F9-9D78-3FED25E9B2B6}.Debug|Any CPU.Deploy.0 = Debug|x64
		{C1463F90-E62C-46F9-9D78-3FED25E9B2B6}.Debug|x64.ActiveCfg = Debug|x64
		{C1463F90-E62C-46F9-9D78-3FED25E9B2B6}.Debug|x64.Build.0 = Debug|x64
		{C1463F90-E62C-46F9-9D78-3FED25E9B2B6}.Debug|x86.ActiveCfg = Debug|x86
		{C1463F90-E62C-46F9-9D78-3FED25E9B2B6}.Debug|x86.Build.0 = Debug|x86
		{C1463F90-E62C-46F9-9D78-3FED25E9B2B6}.Release|Any CPU.ActiveCfg = Release|x64
		{C1463F90-E62C-46F9-9D78-3FED25E9B2B6}.Release|Any CPU.Build.0 = Release|x64
		{C1463F90-E62C-46F9-9D78-3FED25E9B2B6}.Release|Any CPU.Deploy.0 = Release|x64
		{C1463F90-E62C-46F9-9D78-3FED25E9B2B6}.Release|x64.ActiveCfg = Release|x64
		{C1463F90-E62C-46F9-9D78-3FED25E9B2B6}.Release|x64.Build.0 = Release|x64
		{C1463F90-E62C-46F9-9D78-3FED25E9B2B6}.Release|x86.ActiveCfg = Release|x86
		{C1463F90-E62C-46F9-9D78-3FED25E9B2B6}.Release|x86.Build.0 = Release|x86
		{B350D13E-5A93-448E-A0DA-F300BB39FF38}.Debug|Any CPU.ActiveCfg = Debug|Any CPU
		{B350D13E-5A93-448E-A0DA-F300BB39FF38}.Debug|Any CPU.Build.0 = Debug|Any CPU
		{B350D13E-5A93-448E-A0DA-F300BB39FF38}.Debug|x64.ActiveCfg = Debug|Any CPU
		{B350D13E-5A93-448E-A0DA-F300BB39FF38}.Debug|x64.Build.0 = Debug|Any CPU
		{B350D13E-5A93-448E-A0DA-F300BB39FF38}.Debug|x86.ActiveCfg = Debug|Any CPU
		{B350D13E-5A93-448E-A0DA-F300BB39FF38}.Debug|x86.Build.0 = Debug|Any CPU
		{B350D13E-5A93-448E-A0DA-F300BB39FF38}.Release|Any CPU.ActiveCfg = Release|Any CPU
		{B350D13E-5A93-448E-A0DA-F300BB39FF38}.Release|Any CPU.Build.0 = Release|Any CPU
		{B350D13E-5A93-448E-A0DA-F300BB39FF38}.Release|x64.ActiveCfg = Release|Any CPU
		{B350D13E-5A93-448E-A0DA-F300BB39FF38}.Release|x64.Build.0 = Release|Any CPU
		{B350D13E-5A93-448E-A0DA-F300BB39FF38}.Release|x86.ActiveCfg = Release|Any CPU
		{B350D13E-5A93-448E-A0DA-F300BB39FF38}.Release|x86.Build.0 = Release|Any CPU
		{EB7E8191-FCF6-4E47-A0F3-88E24DC72928}.Debug|Any CPU.ActiveCfg = Debug|x64
		{EB7E8191-FCF6-4E47-A0F3-88E24DC72928}.Debug|Any CPU.Build.0 = Debug|x64
		{EB7E8191-FCF6-4E47-A0F3-88E24DC72928}.Debug|Any CPU.Deploy.0 = Debug|x64
		{EB7E8191-FCF6-4E47-A0F3-88E24DC72928}.Debug|x64.ActiveCfg = Debug|x64
		{EB7E8191-FCF6-4E47-A0F3-88E24DC72928}.Debug|x64.Build.0 = Debug|x64
		{EB7E8191-FCF6-4E47-A0F3-88E24DC72928}.Debug|x86.ActiveCfg = Debug|x86
		{EB7E8191-FCF6-4E47-A0F3-88E24DC72928}.Debug|x86.Build.0 = Debug|x86
		{EB7E8191-FCF6-4E47-A0F3-88E24DC72928}.Release|Any CPU.ActiveCfg = Release|x64
		{EB7E8191-FCF6-4E47-A0F3-88E24DC72928}.Release|Any CPU.Build.0 = Release|x64
		{EB7E8191-FCF6-4E47-A0F3-88E24DC72928}.Release|Any CPU.Deploy.0 = Release|x64
		{EB7E8191-FCF6-4E47-A0F3-88E24DC72928}.Release|x64.ActiveCfg = Release|x64
		{EB7E8191-FCF6-4E47-A0F3-88E24DC72928}.Release|x64.Build.0 = Release|x64
		{EB7E8191-FCF6-4E47-A0F3-88E24DC72928}.Release|x86.ActiveCfg = Release|x86
		{EB7E8191-FCF6-4E47-A0F3-88E24DC72928}.Release|x86.Build.0 = Release|x86
		{77706747-B163-49FF-86C4-854377441B9F}.Debug|Any CPU.ActiveCfg = Debug|Any CPU
		{77706747-B163-49FF-86C4-854377441B9F}.Debug|Any CPU.Build.0 = Debug|Any CPU
		{77706747-B163-49FF-86C4-854377441B9F}.Debug|x64.ActiveCfg = Debug|Any CPU
		{77706747-B163-49FF-86C4-854377441B9F}.Debug|x64.Build.0 = Debug|Any CPU
		{77706747-B163-49FF-86C4-854377441B9F}.Debug|x86.ActiveCfg = Debug|Any CPU
		{77706747-B163-49FF-86C4-854377441B9F}.Debug|x86.Build.0 = Debug|Any CPU
		{77706747-B163-49FF-86C4-854377441B9F}.Release|Any CPU.ActiveCfg = Release|Any CPU
		{77706747-B163-49FF-86C4-854377441B9F}.Release|Any CPU.Build.0 = Release|Any CPU
		{77706747-B163-49FF-86C4-854377441B9F}.Release|x64.ActiveCfg = Release|Any CPU
		{77706747-B163-49FF-86C4-854377441B9F}.Release|x64.Build.0 = Release|Any CPU
		{77706747-B163-49FF-86C4-854377441B9F}.Release|x86.ActiveCfg = Release|Any CPU
		{77706747-B163-49FF-86C4-854377441B9F}.Release|x86.Build.0 = Release|Any CPU
		{2BB4B687-A602-4A53-8342-7D717B5F48D8}.Debug|Any CPU.ActiveCfg = Debug|Any CPU
		{2BB4B687-A602-4A53-8342-7D717B5F48D8}.Debug|Any CPU.Build.0 = Debug|Any CPU
		{2BB4B687-A602-4A53-8342-7D717B5F48D8}.Debug|x64.ActiveCfg = Debug|Any CPU
		{2BB4B687-A602-4A53-8342-7D717B5F48D8}.Debug|x64.Build.0 = Debug|Any CPU
		{2BB4B687-A602-4A53-8342-7D717B5F48D8}.Debug|x86.ActiveCfg = Debug|Any CPU
		{2BB4B687-A602-4A53-8342-7D717B5F48D8}.Debug|x86.Build.0 = Debug|Any CPU
		{2BB4B687-A602-4A53-8342-7D717B5F48D8}.Release|Any CPU.ActiveCfg = Release|Any CPU
		{2BB4B687-A602-4A53-8342-7D717B5F48D8}.Release|Any CPU.Build.0 = Release|Any CPU
		{2BB4B687-A602-4A53-8342-7D717B5F48D8}.Release|x64.ActiveCfg = Release|Any CPU
		{2BB4B687-A602-4A53-8342-7D717B5F48D8}.Release|x64.Build.0 = Release|Any CPU
		{2BB4B687-A602-4A53-8342-7D717B5F48D8}.Release|x86.ActiveCfg = Release|Any CPU
		{2BB4B687-A602-4A53-8342-7D717B5F48D8}.Release|x86.Build.0 = Release|Any CPU
		{9427A045-1276-4414-B74E-843FE4DDB6C7}.Debug|Any CPU.ActiveCfg = Debug|Any CPU
		{9427A045-1276-4414-B74E-843FE4DDB6C7}.Debug|Any CPU.Build.0 = Debug|Any CPU
		{9427A045-1276-4414-B74E-843FE4DDB6C7}.Debug|x64.ActiveCfg = Debug|Any CPU
		{9427A045-1276-4414-B74E-843FE4DDB6C7}.Debug|x64.Build.0 = Debug|Any CPU
		{9427A045-1276-4414-B74E-843FE4DDB6C7}.Debug|x86.ActiveCfg = Debug|Any CPU
		{9427A045-1276-4414-B74E-843FE4DDB6C7}.Debug|x86.Build.0 = Debug|Any CPU
		{9427A045-1276-4414-B74E-843FE4DDB6C7}.Release|Any CPU.ActiveCfg = Release|Any CPU
		{9427A045-1276-4414-B74E-843FE4DDB6C7}.Release|Any CPU.Build.0 = Release|Any CPU
		{9427A045-1276-4414-B74E-843FE4DDB6C7}.Release|x64.ActiveCfg = Release|Any CPU
		{9427A045-1276-4414-B74E-843FE4DDB6C7}.Release|x64.Build.0 = Release|Any CPU
		{9427A045-1276-4414-B74E-843FE4DDB6C7}.Release|x86.ActiveCfg = Release|Any CPU
		{9427A045-1276-4414-B74E-843FE4DDB6C7}.Release|x86.Build.0 = Release|Any CPU
		{2CD06051-F935-4AE0-B293-D9DC349D875C}.Debug|Any CPU.ActiveCfg = Debug|Any CPU
		{2CD06051-F935-4AE0-B293-D9DC349D875C}.Debug|Any CPU.Build.0 = Debug|Any CPU
		{2CD06051-F935-4AE0-B293-D9DC349D875C}.Debug|x64.ActiveCfg = Debug|Any CPU
		{2CD06051-F935-4AE0-B293-D9DC349D875C}.Debug|x64.Build.0 = Debug|Any CPU
		{2CD06051-F935-4AE0-B293-D9DC349D875C}.Debug|x86.ActiveCfg = Debug|Any CPU
		{2CD06051-F935-4AE0-B293-D9DC349D875C}.Debug|x86.Build.0 = Debug|Any CPU
		{2CD06051-F935-4AE0-B293-D9DC349D875C}.Release|Any CPU.ActiveCfg = Release|Any CPU
		{2CD06051-F935-4AE0-B293-D9DC349D875C}.Release|Any CPU.Build.0 = Release|Any CPU
		{2CD06051-F935-4AE0-B293-D9DC349D875C}.Release|x64.ActiveCfg = Release|Any CPU
		{2CD06051-F935-4AE0-B293-D9DC349D875C}.Release|x64.Build.0 = Release|Any CPU
		{2CD06051-F935-4AE0-B293-D9DC349D875C}.Release|x86.ActiveCfg = Release|Any CPU
		{2CD06051-F935-4AE0-B293-D9DC349D875C}.Release|x86.Build.0 = Release|Any CPU
		{51B487BA-CE53-4DD0-9333-47D85A0AA489}.Debug|Any CPU.ActiveCfg = Debug|Any CPU
		{51B487BA-CE53-4DD0-9333-47D85A0AA489}.Debug|Any CPU.Build.0 = Debug|Any CPU
		{51B487BA-CE53-4DD0-9333-47D85A0AA489}.Debug|x64.ActiveCfg = Debug|Any CPU
		{51B487BA-CE53-4DD0-9333-47D85A0AA489}.Debug|x64.Build.0 = Debug|Any CPU
		{51B487BA-CE53-4DD0-9333-47D85A0AA489}.Debug|x86.ActiveCfg = Debug|Any CPU
		{51B487BA-CE53-4DD0-9333-47D85A0AA489}.Debug|x86.Build.0 = Debug|Any CPU
		{51B487BA-CE53-4DD0-9333-47D85A0AA489}.Release|Any CPU.ActiveCfg = Release|Any CPU
		{51B487BA-CE53-4DD0-9333-47D85A0AA489}.Release|Any CPU.Build.0 = Release|Any CPU
		{51B487BA-CE53-4DD0-9333-47D85A0AA489}.Release|x64.ActiveCfg = Release|Any CPU
		{51B487BA-CE53-4DD0-9333-47D85A0AA489}.Release|x64.Build.0 = Release|Any CPU
		{51B487BA-CE53-4DD0-9333-47D85A0AA489}.Release|x86.ActiveCfg = Release|Any CPU
		{51B487BA-CE53-4DD0-9333-47D85A0AA489}.Release|x86.Build.0 = Release|Any CPU
		{3DCAC0F9-4C2E-479E-A0EF-5AF5DF933CB9}.Debug|Any CPU.ActiveCfg = Debug|Any CPU
		{3DCAC0F9-4C2E-479E-A0EF-5AF5DF933CB9}.Debug|Any CPU.Build.0 = Debug|Any CPU
		{3DCAC0F9-4C2E-479E-A0EF-5AF5DF933CB9}.Debug|x64.ActiveCfg = Debug|x64
		{3DCAC0F9-4C2E-479E-A0EF-5AF5DF933CB9}.Debug|x64.Build.0 = Debug|x64
		{3DCAC0F9-4C2E-479E-A0EF-5AF5DF933CB9}.Debug|x86.ActiveCfg = Debug|x86
		{3DCAC0F9-4C2E-479E-A0EF-5AF5DF933CB9}.Debug|x86.Build.0 = Debug|x86
		{3DCAC0F9-4C2E-479E-A0EF-5AF5DF933CB9}.Release|Any CPU.ActiveCfg = Release|Any CPU
		{3DCAC0F9-4C2E-479E-A0EF-5AF5DF933CB9}.Release|Any CPU.Build.0 = Release|Any CPU
		{3DCAC0F9-4C2E-479E-A0EF-5AF5DF933CB9}.Release|x64.ActiveCfg = Release|Any CPU
		{3DCAC0F9-4C2E-479E-A0EF-5AF5DF933CB9}.Release|x64.Build.0 = Release|Any CPU
		{3DCAC0F9-4C2E-479E-A0EF-5AF5DF933CB9}.Release|x86.ActiveCfg = Release|Any CPU
		{3DCAC0F9-4C2E-479E-A0EF-5AF5DF933CB9}.Release|x86.Build.0 = Release|Any CPU
		{1C98FCE0-27AB-4938-BBDE-9D77CAC6EE88}.Debug|Any CPU.ActiveCfg = Debug|Any CPU
		{1C98FCE0-27AB-4938-BBDE-9D77CAC6EE88}.Debug|Any CPU.Build.0 = Debug|Any CPU
		{1C98FCE0-27AB-4938-BBDE-9D77CAC6EE88}.Debug|x64.ActiveCfg = Debug|Any CPU
		{1C98FCE0-27AB-4938-BBDE-9D77CAC6EE88}.Debug|x64.Build.0 = Debug|Any CPU
		{1C98FCE0-27AB-4938-BBDE-9D77CAC6EE88}.Debug|x86.ActiveCfg = Debug|Any CPU
		{1C98FCE0-27AB-4938-BBDE-9D77CAC6EE88}.Debug|x86.Build.0 = Debug|Any CPU
		{1C98FCE0-27AB-4938-BBDE-9D77CAC6EE88}.Release|Any CPU.ActiveCfg = Release|Any CPU
		{1C98FCE0-27AB-4938-BBDE-9D77CAC6EE88}.Release|Any CPU.Build.0 = Release|Any CPU
		{1C98FCE0-27AB-4938-BBDE-9D77CAC6EE88}.Release|x64.ActiveCfg = Release|Any CPU
		{1C98FCE0-27AB-4938-BBDE-9D77CAC6EE88}.Release|x64.Build.0 = Release|Any CPU
		{1C98FCE0-27AB-4938-BBDE-9D77CAC6EE88}.Release|x86.ActiveCfg = Release|Any CPU
		{1C98FCE0-27AB-4938-BBDE-9D77CAC6EE88}.Release|x86.Build.0 = Release|Any CPU
		{A092CC41-71EA-4030-8871-BAE32A583C0A}.Debug|Any CPU.ActiveCfg = Debug|Any CPU
		{A092CC41-71EA-4030-8871-BAE32A583C0A}.Debug|Any CPU.Build.0 = Debug|Any CPU
		{A092CC41-71EA-4030-8871-BAE32A583C0A}.Debug|x64.ActiveCfg = Debug|Any CPU
		{A092CC41-71EA-4030-8871-BAE32A583C0A}.Debug|x64.Build.0 = Debug|Any CPU
		{A092CC41-71EA-4030-8871-BAE32A583C0A}.Debug|x86.ActiveCfg = Debug|Any CPU
		{A092CC41-71EA-4030-8871-BAE32A583C0A}.Debug|x86.Build.0 = Debug|Any CPU
		{A092CC41-71EA-4030-8871-BAE32A583C0A}.Release|Any CPU.ActiveCfg = Release|Any CPU
		{A092CC41-71EA-4030-8871-BAE32A583C0A}.Release|Any CPU.Build.0 = Release|Any CPU
		{A092CC41-71EA-4030-8871-BAE32A583C0A}.Release|x64.ActiveCfg = Release|Any CPU
		{A092CC41-71EA-4030-8871-BAE32A583C0A}.Release|x64.Build.0 = Release|Any CPU
		{A092CC41-71EA-4030-8871-BAE32A583C0A}.Release|x86.ActiveCfg = Release|Any CPU
		{A092CC41-71EA-4030-8871-BAE32A583C0A}.Release|x86.Build.0 = Release|Any CPU
		{CFEC125E-6485-4494-88E1-9CD2D5320040}.Debug|Any CPU.ActiveCfg = Debug|Any CPU
		{CFEC125E-6485-4494-88E1-9CD2D5320040}.Debug|Any CPU.Build.0 = Debug|Any CPU
		{CFEC125E-6485-4494-88E1-9CD2D5320040}.Debug|x64.ActiveCfg = Debug|Any CPU
		{CFEC125E-6485-4494-88E1-9CD2D5320040}.Debug|x64.Build.0 = Debug|Any CPU
		{CFEC125E-6485-4494-88E1-9CD2D5320040}.Debug|x86.ActiveCfg = Debug|Any CPU
		{CFEC125E-6485-4494-88E1-9CD2D5320040}.Debug|x86.Build.0 = Debug|Any CPU
		{CFEC125E-6485-4494-88E1-9CD2D5320040}.Release|Any CPU.ActiveCfg = Release|Any CPU
		{CFEC125E-6485-4494-88E1-9CD2D5320040}.Release|Any CPU.Build.0 = Release|Any CPU
		{CFEC125E-6485-4494-88E1-9CD2D5320040}.Release|x64.ActiveCfg = Release|Any CPU
		{CFEC125E-6485-4494-88E1-9CD2D5320040}.Release|x64.Build.0 = Release|Any CPU
		{CFEC125E-6485-4494-88E1-9CD2D5320040}.Release|x86.ActiveCfg = Release|Any CPU
		{CFEC125E-6485-4494-88E1-9CD2D5320040}.Release|x86.Build.0 = Release|Any CPU
	EndGlobalSection
	GlobalSection(SolutionProperties) = preSolution
		HideSolutionNode = FALSE
	EndGlobalSection
	GlobalSection(ExtensibilityGlobals) = postSolution
		SolutionGuid = {CFA70078-696B-4B1C-A9E8-CD02281F744A}
	EndGlobalSection
EndGlobal
