
Microsoft Visual Studio Solution File, Format Version 12.00
# Visual Studio Version 17
VisualStudioVersion = 17.11.35303.130
MinimumVisualStudioVersion = 10.0.40219.1
Project("{FAE04EC0-301F-11D3-BF4B-00C04F79EFBC}") = "PetitMoteur3D", "src\PetitMoteur3D\PetitMoteur3D.csproj", "{BADFCADA-D5C9-4EE1-AFEF-AD12876401B1}"
EndProject
Project("{FAE04EC0-301F-11D3-BF4B-00C04F79EFBC}") = "PetitMoteur3D.Editor", "src\PetitMoteur3D.Editor\PetitMoteur3D.Editor.csproj", "{C1463F90-E62C-46F9-9D78-3FED25E9B2B6}"
EndProject
Project("{FAE04EC0-301F-11D3-BF4B-00C04F79EFBC}") = "PetitMoteur3D.CLI", "src\PetitMoteur3D.CLI\PetitMoteur3D.CLI.csproj", "{B350D13E-5A93-448E-A0DA-F300BB39FF38}"
EndProject
Project("{FAE04EC0-301F-11D3-BF4B-00C04F79EFBC}") = "PetitMoteur3D.Application", "src\PetitMoteur3D.Application\PetitMoteur3D.Application.csproj", "{EB7E8191-FCF6-4E47-A0F3-88E24DC72928}"
EndProject
Project("{FAE04EC0-301F-11D3-BF4B-00C04F79EFBC}") = "PetitMoteur3D.Window.SilkNet", "src\PetitMoteur3D.Window.SilkNet\PetitMoteur3D.Window.SilkNet.csproj", "{77706747-B163-49FF-86C4-854377441B9F}"
EndProject
Project("{FAE04EC0-301F-11D3-BF4B-00C04F79EFBC}") = "PetitMoteur3D.Window", "src\PetitMoteur3D.Window\PetitMoteur3D.Window.csproj", "{2BB4B687-A602-4A53-8342-7D717B5F48D8}"
EndProject
Project("{FAE04EC0-301F-11D3-BF4B-00C04F79EFBC}") = "PetitMoteur3D.Window.WinUI", "src\PetitMoteur3D.Window.WinUI\PetitMoteur3D.Window.WinUI.csproj", "{9427A045-1276-4414-B74E-843FE4DDB6C7}"
EndProject
Global
	GlobalSection(SolutionConfigurationPlatforms) = preSolution
		Debug|Any CPU = Debug|Any CPU
		Release|Any CPU = Release|Any CPU
	EndGlobalSection
	GlobalSection(ProjectConfigurationPlatforms) = postSolution
		{BADFCADA-D5C9-4EE1-AFEF-AD12876401B1}.Debug|Any CPU.ActiveCfg = Debug|Any CPU
		{BADFCADA-D5C9-4EE1-AFEF-AD12876401B1}.Debug|Any CPU.Build.0 = Debug|Any CPU
		{BADFCADA-D5C9-4EE1-AFEF-AD12876401B1}.Release|Any CPU.ActiveCfg = Release|Any CPU
		{BADFCADA-D5C9-4EE1-AFEF-AD12876401B1}.Release|Any CPU.Build.0 = Release|Any CPU
		{C1463F90-E62C-46F9-9D78-3FED25E9B2B6}.Debug|Any CPU.ActiveCfg = Debug|x64
		{C1463F90-E62C-46F9-9D78-3FED25E9B2B6}.Debug|Any CPU.Build.0 = Debug|x64
		{C1463F90-E62C-46F9-9D78-3FED25E9B2B6}.Debug|Any CPU.Deploy.0 = Debug|x64
		{C1463F90-E62C-46F9-9D78-3FED25E9B2B6}.Release|Any CPU.ActiveCfg = Release|x64
		{C1463F90-E62C-46F9-9D78-3FED25E9B2B6}.Release|Any CPU.Build.0 = Release|x64
		{C1463F90-E62C-46F9-9D78-3FED25E9B2B6}.Release|Any CPU.Deploy.0 = Release|x64
		{B350D13E-5A93-448E-A0DA-F300BB39FF38}.Debug|Any CPU.ActiveCfg = Debug|Any CPU
		{B350D13E-5A93-448E-A0DA-F300BB39FF38}.Debug|Any CPU.Build.0 = Debug|Any CPU
		{B350D13E-5A93-448E-A0DA-F300BB39FF38}.Release|Any CPU.ActiveCfg = Release|Any CPU
		{B350D13E-5A93-448E-A0DA-F300BB39FF38}.Release|Any CPU.Build.0 = Release|Any CPU
		{EB7E8191-FCF6-4E47-A0F3-88E24DC72928}.Debug|Any CPU.ActiveCfg = Debug|x64
		{EB7E8191-FCF6-4E47-A0F3-88E24DC72928}.Debug|Any CPU.Build.0 = Debug|x64
		{EB7E8191-FCF6-4E47-A0F3-88E24DC72928}.Debug|Any CPU.Deploy.0 = Debug|x64
		{EB7E8191-FCF6-4E47-A0F3-88E24DC72928}.Release|Any CPU.ActiveCfg = Release|x64
		{EB7E8191-FCF6-4E47-A0F3-88E24DC72928}.Release|Any CPU.Build.0 = Release|x64
		{EB7E8191-FCF6-4E47-A0F3-88E24DC72928}.Release|Any CPU.Deploy.0 = Release|x64
		{77706747-B163-49FF-86C4-854377441B9F}.Debug|Any CPU.ActiveCfg = Debug|Any CPU
		{77706747-B163-49FF-86C4-854377441B9F}.Debug|Any CPU.Build.0 = Debug|Any CPU
		{77706747-B163-49FF-86C4-854377441B9F}.Release|Any CPU.ActiveCfg = Release|Any CPU
		{77706747-B163-49FF-86C4-854377441B9F}.Release|Any CPU.Build.0 = Release|Any CPU
		{2BB4B687-A602-4A53-8342-7D717B5F48D8}.Debug|Any CPU.ActiveCfg = Debug|Any CPU
		{2BB4B687-A602-4A53-8342-7D717B5F48D8}.Debug|Any CPU.Build.0 = Debug|Any CPU
		{2BB4B687-A602-4A53-8342-7D717B5F48D8}.Release|Any CPU.ActiveCfg = Release|Any CPU
		{2BB4B687-A602-4A53-8342-7D717B5F48D8}.Release|Any CPU.Build.0 = Release|Any CPU
		{9427A045-1276-4414-B74E-843FE4DDB6C7}.Debug|Any CPU.ActiveCfg = Debug|Any CPU
		{9427A045-1276-4414-B74E-843FE4DDB6C7}.Debug|Any CPU.Build.0 = Debug|Any CPU
		{9427A045-1276-4414-B74E-843FE4DDB6C7}.Release|Any CPU.ActiveCfg = Release|Any CPU
		{9427A045-1276-4414-B74E-843FE4DDB6C7}.Release|Any CPU.Build.0 = Release|Any CPU
	EndGlobalSection
	GlobalSection(SolutionProperties) = preSolution
		HideSolutionNode = FALSE
	EndGlobalSection
	GlobalSection(ExtensibilityGlobals) = postSolution
		SolutionGuid = {CFA70078-696B-4B1C-A9E8-CD02281F744A}
	EndGlobalSection
EndGlobal
